
Microsoft Visual Studio Solution File, Format Version 12.00
# Visual Studio 15
Project("{FAE04EC0-301F-11D3-BF4B-00C04F79EFBC}") = "Unity.Timeline", "Unity.Timeline.csproj", "{B85C415A-32F8-1F0C-64E6-B84F0F8FB886}"
EndProject
Project("{FAE04EC0-301F-11D3-BF4B-00C04F79EFBC}") = "Unity.RenderPipelines.GPUDriven.Runtime", "Unity.RenderPipelines.GPUDriven.Runtime.csproj", "{848B5767-06A4-4AF1-7281-064DAC9C776F}"
EndProject
Project("{FAE04EC0-301F-11D3-BF4B-00C04F79EFBC}") = "Unity.PlasticSCM.Editor", "Unity.PlasticSCM.Editor.csproj", "{A31F0F23-079D-C4AB-C7E4-890E8DA2E77F}"
EndProject
Project("{FAE04EC0-301F-11D3-BF4B-00C04F79EFBC}") = "Unity.2D.Aseprite.Editor", "Unity.2D.Aseprite.Editor.csproj", "{7ADD0927-5E77-7817-15EA-C764C8B7BC96}"
EndProject
Project("{FAE04EC0-301F-11D3-BF4B-00C04F79EFBC}") = "Unity.ShaderGraph.Editor", "Unity.ShaderGraph.Editor.csproj", "{0672A9D8-35F2-B16E-5312-2E574EE57A87}"
EndProject
Project("{FAE04EC0-301F-11D3-BF4B-00C04F79EFBC}") = "Unity.RenderPipelines.Core.Runtime", "Unity.RenderPipelines.Core.Runtime.csproj", "{612A2AEC-C219-5609-4551-8F751310BD20}"
EndProject
Project("{FAE04EC0-301F-11D3-BF4B-00C04F79EFBC}") = "MerryYellow.CodeAssist.Editor", "MerryYellow.CodeAssist.Editor.csproj", "{F4E6320B-D234-0AAF-9232-1BC04DB66968}"
EndProject
Project("{FAE04EC0-301F-11D3-BF4B-00C04F79EFBC}") = "Unity.Mathematics", "Unity.Mathematics.csproj", "{99AF715C-5EF8-A516-1E98-3742CFF2ED21}"
EndProject
Project("{FAE04EC0-301F-11D3-BF4B-00C04F79EFBC}") = "Unity.Timeline.Editor", "Unity.Timeline.Editor.csproj", "{C74D0E4C-B058-E4BF-BD69-F0BA1DDFA932}"
EndProject
Project("{FAE04EC0-301F-11D3-BF4B-00C04F79EFBC}") = "Unity.Multiplayer.Center.Editor", "Unity.Multiplayer.Center.Editor.csproj", "{ACC2B72C-4E68-44DC-F3CA-0EB987EF6BD8}"
EndProject
Project("{FAE04EC0-301F-11D3-BF4B-00C04F79EFBC}") = "Unity.RenderPipelines.Core.Editor", "Unity.RenderPipelines.Core.Editor.csproj", "{79E0EC2E-58EC-F1AF-6FE0-B5BB9B93778C}"
EndProject
Project("{FAE04EC0-301F-11D3-BF4B-00C04F79EFBC}") = "Unity.2D.Psdimporter.Editor", "Unity.2D.Psdimporter.Editor.csproj", "{8341AD6E-CEFA-35DB-E6AA-B0B10E053AD4}"
EndProject
Project("{FAE04EC0-301F-11D3-BF4B-00C04F79EFBC}") = "UnityEngine.UI", "UnityEngine.UI.csproj", "{392F4EEA-677E-80E3-0A58-A0804ECF464E}"
EndProject
Project("{FAE04EC0-301F-11D3-BF4B-00C04F79EFBC}") = "Unity.2D.IK.Runtime", "Unity.2D.IK.Runtime.csproj", "{516D8848-9CB3-E12B-126F-A0F318A878FF}"
EndProject
Project("{FAE04EC0-301F-11D3-BF4B-00C04F79EFBC}") = "Unity.RenderPipelines.Universal.2D.Runtime", "Unity.RenderPipelines.Universal.2D.Runtime.csproj", "{2CD88A8E-B8FC-34F3-F76E-6EDAB78E06B1}"
EndProject
Project("{FAE04EC0-301F-11D3-BF4B-00C04F79EFBC}") = "Unity.Collections", "Unity.Collections.csproj", "{6FD1E786-5587-133E-ADE9-B931A8943EE8}"
EndProject
Project("{FAE04EC0-301F-11D3-BF4B-00C04F79EFBC}") = "Unity.VisualScripting.Core.Editor", "Unity.VisualScripting.Core.Editor.csproj", "{5B7D30B3-9C50-C0A4-E03B-C01891A625B9}"
EndProject
Project("{FAE04EC0-301F-11D3-BF4B-00C04F79EFBC}") = "Unity.RenderPipelines.Universal.Editor", "Unity.RenderPipelines.Universal.Editor.csproj", "{8BE2162A-558F-3402-66F9-74C2419E1359}"
EndProject
Project("{FAE04EC0-301F-11D3-BF4B-00C04F79EFBC}") = "Unity.PerformanceTesting.Editor", "Unity.PerformanceTesting.Editor.csproj", "{9D552DDC-02B5-5059-8955-10787ECAF3DB}"
EndProject
Project("{FAE04EC0-301F-11D3-BF4B-00C04F79EFBC}") = "UnityEngine.TestRunner", "UnityEngine.TestRunner.csproj", "{8F936C7C-D967-A879-7B10-538AC4A2779A}"
EndProject
Project("{FAE04EC0-301F-11D3-BF4B-00C04F79EFBC}") = "Unity.2D.Tilemap.Editor", "Unity.2D.Tilemap.Editor.csproj", "{375960D8-4406-6C0B-FAC6-0A6D25890135}"
EndProject
Project("{FAE04EC0-301F-11D3-BF4B-00C04F79EFBC}") = "Unity.Burst", "Unity.Burst.csproj", "{D104A8C8-DE30-2CED-8EC2-472A04D0F3ED}"
EndProject
Project("{FAE04EC0-301F-11D3-BF4B-00C04F79EFBC}") = "Unity.VisualScripting.Flow.Editor", "Unity.VisualScripting.Flow.Editor.csproj", "{E0AF43AE-2C84-877A-8744-8C3B985BBF6E}"
EndProject
Project("{FAE04EC0-301F-11D3-BF4B-00C04F79EFBC}") = "Unity.2D.SpriteShape.Editor", "Unity.2D.SpriteShape.Editor.csproj", "{649F888F-E88C-A27C-3412-D27807000CAC}"
EndProject
Project("{FAE04EC0-301F-11D3-BF4B-00C04F79EFBC}") = "Unity.VisualStudio.Editor", "Unity.VisualStudio.Editor.csproj", "{C12D1A16-C200-FAFB-919F-9ADC68751473}"
EndProject
Project("{FAE04EC0-301F-11D3-BF4B-00C04F79EFBC}") = "Unity.InputSystem", "Unity.InputSystem.csproj", "{4B1BB9D1-B04D-9DDF-783C-906F25678B53}"
EndProject
Project("{FAE04EC0-301F-11D3-BF4B-00C04F79EFBC}") = "PPv2URPConverters", "PPv2URPConverters.csproj", "{3A045323-A192-9025-3116-02772C77CA7C}"
EndProject
Project("{FAE04EC0-301F-11D3-BF4B-00C04F79EFBC}") = "Unity.2D.Animation.Editor", "Unity.2D.Animation.Editor.csproj", "{8D19942E-D963-F876-2900-2AB468DBCFE5}"
EndProject
Project("{FAE04EC0-301F-11D3-BF4B-00C04F79EFBC}") = "Unity.Searcher.Editor", "Unity.Searcher.Editor.csproj", "{6D9E96B5-97EE-6A26-17A9-2A1D70879B8A}"
EndProject
Project("{FAE04EC0-301F-11D3-BF4B-00C04F79EFBC}") = "Unity.2D.SpriteShape.Runtime", "Unity.2D.SpriteShape.Runtime.csproj", "{E6623092-FF13-EB46-80B8-1E013F894EC7}"
EndProject
Project("{FAE04EC0-301F-11D3-BF4B-00C04F79EFBC}") = "UnityEditor.TestRunner", "UnityEditor.TestRunner.csproj", "{1A894D23-7121-D084-C4A8-104DA2FE56A9}"
EndProject
Project("{FAE04EC0-301F-11D3-BF4B-00C04F79EFBC}") = "Unity.VisualScripting.Core", "Unity.VisualScripting.Core.csproj", "{DED5CAF7-C0B9-F155-A000-57B0A8CF13B1}"
EndProject
Project("{FAE04EC0-301F-11D3-BF4B-00C04F79EFBC}") = "Unity.RenderPipelines.Universal.Runtime", "Unity.RenderPipelines.Universal.Runtime.csproj", "{22707A3B-C5AF-A35F-8533-808CC6576C39}"
EndProject
Project("{FAE04EC0-301F-11D3-BF4B-00C04F79EFBC}") = "Unity.UnifiedRayTracing.Runtime", "Unity.UnifiedRayTracing.Runtime.csproj", "{20B4500D-53F9-80A1-AA67-D4114AEBFD39}"
EndProject
Project("{FAE04EC0-301F-11D3-BF4B-00C04F79EFBC}") = "Unity.VisualScripting.State.Editor", "Unity.VisualScripting.State.Editor.csproj", "{8CF9BF5F-6202-5FA2-7C4A-1D59E12655A3}"
EndProject
Project("{FAE04EC0-301F-11D3-BF4B-00C04F79EFBC}") = "Unity.Burst.CodeGen", "Unity.Burst.CodeGen.csproj", "{4502D5C3-E1D0-DDA2-2F3F-F619A6BA0DA7}"
EndProject
Project("{FAE04EC0-301F-11D3-BF4B-00C04F79EFBC}") = "Unity.VisualScripting.Flow", "Unity.VisualScripting.Flow.csproj", "{A1B95344-582E-4963-E129-71AAC0179BE3}"
EndProject
Project("{FAE04EC0-301F-11D3-BF4B-00C04F79EFBC}") = "Unity.PerformanceTesting", "Unity.PerformanceTesting.csproj", "{950C8535-BAF6-348B-089B-F02E51304E19}"
EndProject
Project("{FAE04EC0-301F-11D3-BF4B-00C04F79EFBC}") = "Unity.2D.Tilemap.Extras.Editor", "Unity.2D.Tilemap.Extras.Editor.csproj", "{85C1AF3A-22AA-4CA5-BD43-9D28297A87E6}"
EndProject
Project("{FAE04EC0-301F-11D3-BF4B-00C04F79EFBC}") = "Unity.TextMeshPro", "Unity.TextMeshPro.csproj", "{D74A805A-9DF1-5FD6-94BF-8BB96D42E939}"
EndProject
Project("{FAE04EC0-301F-11D3-BF4B-00C04F79EFBC}") = "Unity.TextMeshPro.Editor", "Unity.TextMeshPro.Editor.csproj", "{68F4E9FE-6D2D-6DF3-9662-0672584E378D}"
EndProject
Project("{FAE04EC0-301F-11D3-BF4B-00C04F79EFBC}") = "PsdPlugin", "PsdPlugin.csproj", "{2EF58706-EF94-0D4B-9AEF-F3B08A978F3D}"
EndProject
Project("{FAE04EC0-301F-11D3-BF4B-00C04F79EFBC}") = "Unity.2D.IK.Editor", "Unity.2D.IK.Editor.csproj", "{67C1F591-EA87-92CD-55B3-EA6E71ADF69C}"
EndProject
Project("{FAE04EC0-301F-11D3-BF4B-00C04F79EFBC}") = "Unity.InternalAPIEngineBridge.001", "Unity.InternalAPIEngineBridge.001.csproj", "{E892655D-673D-B4BE-4C85-7F373363B494}"
EndProject
Project("{FAE04EC0-301F-11D3-BF4B-00C04F79EFBC}") = "Unity.Burst.Editor", "Unity.Burst.Editor.csproj", "{52FD886D-E957-C367-1533-874C462DAB0E}"
EndProject
Project("{FAE04EC0-301F-11D3-BF4B-00C04F79EFBC}") = "Unity.2D.Common.Path.Editor", "Unity.2D.Common.Path.Editor.csproj", "{DEBD8260-3422-9D27-FEBA-7D8CA86F50BE}"
EndProject
Project("{FAE04EC0-301F-11D3-BF4B-00C04F79EFBC}") = "Unity.2D.Common.Editor", "Unity.2D.Common.Editor.csproj", "{C6D78EAE-E225-66D9-67C9-8E2B67F9BC47}"
EndProject
Project("{FAE04EC0-301F-11D3-BF4B-00C04F79EFBC}") = "ScriptablePacker", "ScriptablePacker.csproj", "{9740EDAF-0E6A-6E39-022C-3018BEE83DE3}"
EndProject
Project("{FAE04EC0-301F-11D3-BF4B-00C04F79EFBC}") = "Unity.Rider.Editor", "Unity.Rider.Editor.csproj", "{6E0D9097-2513-4EEB-5ECB-58B369993BC9}"
EndProject
Project("{FAE04EC0-301F-11D3-BF4B-00C04F79EFBC}") = "Unity.2D.Tooling.Editor", "Unity.2D.Tooling.Editor.csproj", "{6EBAF177-5673-29C3-2E98-C3502C709C98}"
EndProject
Project("{FAE04EC0-301F-11D3-BF4B-00C04F79EFBC}") = "Unity.VisualScripting.State", "Unity.VisualScripting.State.csproj", "{9939B049-3E34-26EC-4685-74C9ECB6385D}"
EndProject
Project("{FAE04EC0-301F-11D3-BF4B-00C04F79EFBC}") = "Unity.InternalAPIEditorBridge.001", "Unity.InternalAPIEditorBridge.001.csproj", "{ED2FF83C-DB48-2FCD-EB3D-1D369856BB55}"
EndProject
Project("{FAE04EC0-301F-11D3-BF4B-00C04F79EFBC}") = "Assembly-CSharp", "Assembly-CSharp.csproj", "{760C3C8E-4038-4128-6F13-A5C3379F636E}"
EndProject
Project("{FAE04EC0-301F-11D3-BF4B-00C04F79EFBC}") = "UnityEditor.UI", "UnityEditor.UI.csproj", "{C0F18C32-2A0B-867D-BBB5-1C9545FEE98D}"
EndProject
Project("{FAE04EC0-301F-11D3-BF4B-00C04F79EFBC}") = "Unity.RenderPipelines.Universal.2D.Editor.Overrides", "Unity.RenderPipelines.Universal.2D.Editor.Overrides.csproj", "{7BA10D50-A99D-21E8-9743-78877BDEA1D7}"
EndProject
Project("{FAE04EC0-301F-11D3-BF4B-00C04F79EFBC}") = "Unity.2D.Sprite.Editor", "Unity.2D.Sprite.Editor.csproj", "{EC29E3B0-735F-7FF9-D84B-73269D3B9F8F}"
EndProject
Project("{FAE04EC0-301F-11D3-BF4B-00C04F79EFBC}") = "Unity.Multiplayer.Center.Common", "Unity.Multiplayer.Center.Common.csproj", "{D0BBF3B8-19C7-F995-5DF1-DE21C7A3E200}"
EndProject
Project("{FAE04EC0-301F-11D3-BF4B-00C04F79EFBC}") = "Unity.InputSystem.ForUI", "Unity.InputSystem.ForUI.csproj", "{49D0C5AA-01BD-9C0D-2535-2A95F7A2C578}"
EndProject
Project("{FAE04EC0-301F-11D3-BF4B-00C04F79EFBC}") = "Unity.Collections.CodeGen", "Unity.Collections.CodeGen.csproj", "{9BCA41BD-2F4C-4686-587E-154D56961A40}"
EndProject
Project("{FAE04EC0-301F-11D3-BF4B-00C04F79EFBC}") = "Unity.2D.Tilemap.Extras", "Unity.2D.Tilemap.Extras.csproj", "{1303DFC9-EA2A-9AAB-3506-CEF05283CE7D}"
EndProject
Project("{FAE04EC0-301F-11D3-BF4B-00C04F79EFBC}") = "Unity.2D.Animation.Runtime", "Unity.2D.Animation.Runtime.csproj", "{D70A1634-C12D-3320-0AB7-9547AEF95539}"
EndProject
Project("{FAE04EC0-301F-11D3-BF4B-00C04F79EFBC}") = "Unity.Mathematics.Editor", "Unity.Mathematics.Editor.csproj", "{B052DB85-1211-8544-BB58-B193CA265B22}"
EndProject
Project("{FAE04EC0-301F-11D3-BF4B-00C04F79EFBC}") = "Unity.VisualScripting.SettingsProvider.Editor", "Unity.VisualScripting.SettingsProvider.Editor.csproj", "{7EF6434D-84C1-961B-B8B0-A92C62169D86}"
EndProject
Project("{FAE04EC0-301F-11D3-BF4B-00C04F79EFBC}") = "UnityEditor.UI.Analytics", "UnityEditor.UI.Analytics.csproj", "{2BF227D7-179E-8A81-6B81-A0E8E7A7501D}"
EndProject
Project("{FAE04EC0-301F-11D3-BF4B-00C04F79EFBC}") = "Unity.2D.Common.Runtime", "Unity.2D.Common.Runtime.csproj", "{9D3D007D-5732-3B5F-3114-D03CF4DB942B}"
EndProject
Project("{FAE04EC0-301F-11D3-BF4B-00C04F79EFBC}") = "Unity.InputSystem.TestFramework", "Unity.InputSystem.TestFramework.csproj", "{AC9AF73D-9904-3A63-27F4-5852D3448669}"
EndProject
Project("{FAE04EC0-301F-11D3-BF4B-00C04F79EFBC}") = "Unity.ShaderGraph.Utilities", "Unity.ShaderGraph.Utilities.csproj", "{28F6A5D2-0C46-88CC-C647-F1D14E99850F}"
EndProject
Project("{FAE04EC0-301F-11D3-BF4B-00C04F79EFBC}") = "Unity.VisualScripting.Shared.Editor", "Unity.VisualScripting.Shared.Editor.csproj", "{4021DFA4-8C2C-3EBC-75CE-7C203016578E}"
EndProject
Project("{FAE04EC0-301F-11D3-BF4B-00C04F79EFBC}") = "Unity.2D.Aseprite.Common", "Unity.2D.Aseprite.Common.csproj", "{0223D3E4-6590-0F39-99FE-649F77D097F5}"
EndProject
Project("{FAE04EC0-301F-11D3-BF4B-00C04F79EFBC}") = "Unity.CollabProxy.Editor", "Unity.CollabProxy.Editor.csproj", "{2377F4F3-A2B1-7D64-1CCF-2722ECE38C3D}"
EndProject
Project("{FAE04EC0-301F-11D3-BF4B-00C04F79EFBC}") = "Unity.RenderPipeline.Universal.ShaderLibrary", "Unity.RenderPipeline.Universal.ShaderLibrary.csproj", "{319C2615-7BBE-EEA4-261B-2FFB7E21D5D2}"
EndProject
Project("{FAE04EC0-301F-11D3-BF4B-00C04F79EFBC}") = "Unity.InputSystem.DocCodeSamples", "Unity.InputSystem.DocCodeSamples.csproj", "{76BA59E1-9950-923E-E607-420BE37E31D9}"
EndProject
Project("{FAE04EC0-301F-11D3-BF4B-00C04F79EFBC}") = "Unity.RenderPipelines.Universal.Shaders", "Unity.RenderPipelines.Universal.Shaders.csproj", "{126A5619-2CF0-8526-2F1B-5DB6FF523C01}"
EndProject
Project("{FAE04EC0-301F-11D3-BF4B-00C04F79EFBC}") = "Unity.RenderPipelines.Core.Runtime.Shared", "Unity.RenderPipelines.Core.Runtime.Shared.csproj", "{347F88AE-9DB6-9CF3-2F47-D2CA0755543E}"
EndProject
Project("{FAE04EC0-301F-11D3-BF4B-00C04F79EFBC}") = "Unity.InternalAPIEngineBridge.004", "Unity.InternalAPIEngineBridge.004.csproj", "{72EEF616-0C8B-698C-3563-7A211A46C5ED}"
EndProject
Project("{FAE04EC0-301F-11D3-BF4B-00C04F79EFBC}") = "Unity.2D.Sprite.AIIntegration.Editor", "Unity.2D.Sprite.AIIntegration.Editor.csproj", "{54E65D8F-236E-AF7F-5A20-62738AD04D5B}"
EndProject
Project("{FAE04EC0-301F-11D3-BF4B-00C04F79EFBC}") = "Unity.RenderPipelines.Core.Editor.Shared", "Unity.RenderPipelines.Core.Editor.Shared.csproj", "{7F861B43-1946-D732-2696-09D9CF1A30F2}"
EndProject
Project("{FAE04EC0-301F-11D3-BF4B-00C04F79EFBC}") = "Unity.VisualScripting.DocCodeExamples", "Unity.VisualScripting.DocCodeExamples.csproj", "{019104CA-22FE-7705-CFFB-91C7BCB48710}"
EndProject
Project("{FAE04EC0-301F-11D3-BF4B-00C04F79EFBC}") = "Unity.PlasticSCM.Editor.Entities", "Unity.PlasticSCM.Editor.Entities.csproj", "{EAAEB702-FD51-E11D-9017-63FDFDBB7102}"
EndProject
Project("{FAE04EC0-301F-11D3-BF4B-00C04F79EFBC}") = "Unity.Rendering.LightTransport.Editor", "Unity.Rendering.LightTransport.Editor.csproj", "{08613C30-1B4C-7E7C-511F-8DDB9C4773CB}"
EndProject
Project("{FAE04EC0-301F-11D3-BF4B-00C04F79EFBC}") = "Unity.Collections.Editor", "Unity.Collections.Editor.csproj", "{683A65C4-31EA-340B-9F5B-3AE537A34E2E}"
EndProject
Project("{FAE04EC0-301F-11D3-BF4B-00C04F79EFBC}") = "Unity.RenderPipelines.Universal.Config.Runtime", "Unity.RenderPipelines.Universal.Config.Runtime.csproj", "{C05ED1B0-DF81-9FEA-D10A-4825F702B9D0}"
EndProject
Project("{FAE04EC0-301F-11D3-BF4B-00C04F79EFBC}") = "Unity.RenderPipelines.ShaderGraph.ShaderGraphLibrary", "Unity.RenderPipelines.ShaderGraph.ShaderGraphLibrary.csproj", "{73DBEA9B-D0B7-A6F1-C7EA-2713D1495AFB}"
EndProject
Project("{FAE04EC0-301F-11D3-BF4B-00C04F79EFBC}") = "Unity.RenderPipelines.Core.ShaderLibrary", "Unity.RenderPipelines.Core.ShaderLibrary.csproj", "{0941576E-D95F-9C33-5F78-1A5A257DCF4F}"
EndProject
Project("{FAE04EC0-301F-11D3-BF4B-00C04F79EFBC}") = "Unity.Timeline", "Unity.Timeline.Player.csproj", "{7954F8EF-C477-2658-8A9C-EB727496CC0C}"
EndProject
Project("{FAE04EC0-301F-11D3-BF4B-00C04F79EFBC}") = "Unity.RenderPipelines.GPUDriven.Runtime", "Unity.RenderPipelines.GPUDriven.Runtime.Player.csproj", "{D31DDF04-173D-9123-5E43-FE8570016A4B}"
EndProject
Project("{FAE04EC0-301F-11D3-BF4B-00C04F79EFBC}") = "Unity.RenderPipelines.Core.Runtime", "Unity.RenderPipelines.Core.Runtime.Player.csproj", "{4B0996CF-9508-8F99-B7C4-A209DE2DDF89}"
EndProject
Project("{FAE04EC0-301F-11D3-BF4B-00C04F79EFBC}") = "Unity.Mathematics", "Unity.Mathematics.Player.csproj", "{C6D857DD-BED7-4168-FC1F-127FEA189B6D}"
EndProject
Project("{FAE04EC0-301F-11D3-BF4B-00C04F79EFBC}") = "UnityEngine.UI", "UnityEngine.UI.Player.csproj", "{AADC3A03-8AD6-0ABF-92C9-7CDE6787925A}"
EndProject
Project("{FAE04EC0-301F-11D3-BF4B-00C04F79EFBC}") = "Unity.2D.IK.Runtime", "Unity.2D.IK.Runtime.Player.csproj", "{6C880538-F91C-1780-F3D1-BA6AF75E131C}"
EndProject
Project("{FAE04EC0-301F-11D3-BF4B-00C04F79EFBC}") = "Unity.RenderPipelines.Universal.2D.Runtime", "Unity.RenderPipelines.Universal.2D.Runtime.Player.csproj", "{3FC853C2-D77E-EC13-7DCB-25CF8636F69F}"
EndProject
Project("{FAE04EC0-301F-11D3-BF4B-00C04F79EFBC}") = "Unity.Collections", "Unity.Collections.Player.csproj", "{99C94A45-0BA6-1CE6-FDD8-464285F0B4BE}"
EndProject
Project("{FAE04EC0-301F-11D3-BF4B-00C04F79EFBC}") = "UnityEngine.TestRunner", "UnityEngine.TestRunner.Player.csproj", "{AC951ADA-6CA1-CD0D-8346-573D7BD22DFE}"
EndProject
Project("{FAE04EC0-301F-11D3-BF4B-00C04F79EFBC}") = "Unity.Burst", "Unity.Burst.Player.csproj", "{F3F9BED9-64DE-8C25-826C-77838351A85F}"
EndProject
Project("{FAE04EC0-301F-11D3-BF4B-00C04F79EFBC}") = "Unity.InputSystem", "Unity.InputSystem.Player.csproj", "{6297718F-D7C9-D266-3BB7-21CF0C75D5E7}"
EndProject
Project("{FAE04EC0-301F-11D3-BF4B-00C04F79EFBC}") = "Unity.2D.SpriteShape.Runtime", "Unity.2D.SpriteShape.Runtime.Player.csproj", "{E176BE73-892E-3C42-3216-B61BB528995C}"
EndProject
Project("{FAE04EC0-301F-11D3-BF4B-00C04F79EFBC}") = "Unity.VisualScripting.Core", "Unity.VisualScripting.Core.Player.csproj", "{E4714DB7-36A0-0181-53A9-056CD155D446}"
EndProject
Project("{FAE04EC0-301F-11D3-BF4B-00C04F79EFBC}") = "Unity.RenderPipelines.Universal.Runtime", "Unity.RenderPipelines.Universal.Runtime.Player.csproj", "{A819ECF0-82A4-923E-38D3-13757C23790E}"
EndProject
Project("{FAE04EC0-301F-11D3-BF4B-00C04F79EFBC}") = "Unity.UnifiedRayTracing.Runtime", "Unity.UnifiedRayTracing.Runtime.Player.csproj", "{B471318A-4754-90D9-8BE9-AE62A2BCF391}"
EndProject
Project("{FAE04EC0-301F-11D3-BF4B-00C04F79EFBC}") = "Unity.VisualScripting.Flow", "Unity.VisualScripting.Flow.Player.csproj", "{A6FB612A-D0FC-44CA-8378-CB24C0542E35}"
EndProject
Project("{FAE04EC0-301F-11D3-BF4B-00C04F79EFBC}") = "Unity.PerformanceTesting", "Unity.PerformanceTesting.Player.csproj", "{613ACC9C-1459-6AA5-AF60-6339EDD88414}"
EndProject
Project("{FAE04EC0-301F-11D3-BF4B-00C04F79EFBC}") = "Unity.TextMeshPro", "Unity.TextMeshPro.Player.csproj", "{408B6E2A-349F-35E6-6E46-C9815B2CE4E2}"
EndProject
Project("{FAE04EC0-301F-11D3-BF4B-00C04F79EFBC}") = "Unity.InternalAPIEngineBridge.001", "Unity.InternalAPIEngineBridge.001.Player.csproj", "{B6F74CF5-FAC3-7032-02D9-7CF2D868A117}"
EndProject
Project("{FAE04EC0-301F-11D3-BF4B-00C04F79EFBC}") = "Unity.VisualScripting.State", "Unity.VisualScripting.State.Player.csproj", "{88A5DD57-8243-2126-89F2-B320F32BD1CD}"
EndProject
Project("{FAE04EC0-301F-11D3-BF4B-00C04F79EFBC}") = "Assembly-CSharp", "Assembly-CSharp.Player.csproj", "{2BFBE058-F5A8-1DD9-3BC4-AF283DB5961D}"
EndProject
Project("{FAE04EC0-301F-11D3-BF4B-00C04F79EFBC}") = "Unity.Multiplayer.Center.Common", "Unity.Multiplayer.Center.Common.Player.csproj", "{2EE35A9C-74AE-B331-B458-11F0465AA6BD}"
EndProject
Project("{FAE04EC0-301F-11D3-BF4B-00C04F79EFBC}") = "Unity.InputSystem.ForUI", "Unity.InputSystem.ForUI.Player.csproj", "{EEC1C2B7-D382-2762-509B-E70060E9631B}"
EndProject
Project("{FAE04EC0-301F-11D3-BF4B-00C04F79EFBC}") = "Unity.2D.Tilemap.Extras", "Unity.2D.Tilemap.Extras.Player.csproj", "{00F39BA4-7843-2065-D931-42E574663B79}"
EndProject
Project("{FAE04EC0-301F-11D3-BF4B-00C04F79EFBC}") = "Unity.2D.Animation.Runtime", "Unity.2D.Animation.Runtime.Player.csproj", "{A0C4DFFE-0600-85ED-7C40-668F994ABB1B}"
EndProject
Project("{FAE04EC0-301F-11D3-BF4B-00C04F79EFBC}") = "Unity.2D.Common.Runtime", "Unity.2D.Common.Runtime.Player.csproj", "{53D68508-1323-E043-5A8D-C7B73D55B078}"
EndProject
Project("{FAE04EC0-301F-11D3-BF4B-00C04F79EFBC}") = "Unity.InputSystem.TestFramework", "Unity.InputSystem.TestFramework.Player.csproj", "{C3CE87E4-2695-B8EA-35A9-F2E13719E4AA}"
EndProject
Project("{FAE04EC0-301F-11D3-BF4B-00C04F79EFBC}") = "Unity.RenderPipeline.Universal.ShaderLibrary", "Unity.RenderPipeline.Universal.ShaderLibrary.Player.csproj", "{6F380349-0060-6D8B-FC59-EF292384348F}"
EndProject
Project("{FAE04EC0-301F-11D3-BF4B-00C04F79EFBC}") = "Unity.RenderPipelines.Universal.Shaders", "Unity.RenderPipelines.Universal.Shaders.Player.csproj", "{9C20C88C-3244-D08B-9735-DA173CFDAB70}"
EndProject
Project("{FAE04EC0-301F-11D3-BF4B-00C04F79EFBC}") = "Unity.RenderPipelines.Core.Runtime.Shared", "Unity.RenderPipelines.Core.Runtime.Shared.Player.csproj", "{E47550A2-B7B1-26F3-5D18-27288EDA1D64}"
EndProject
Project("{FAE04EC0-301F-11D3-BF4B-00C04F79EFBC}") = "Unity.InternalAPIEngineBridge.004", "Unity.InternalAPIEngineBridge.004.Player.csproj", "{3F855209-35D1-A119-E3BF-21C9793B9821}"
EndProject
Project("{FAE04EC0-301F-11D3-BF4B-00C04F79EFBC}") = "Unity.VisualScripting.DocCodeExamples", "Unity.VisualScripting.DocCodeExamples.Player.csproj", "{E2BB0660-59CD-5EBF-D299-4ECF537D17A3}"
EndProject
Project("{FAE04EC0-301F-11D3-BF4B-00C04F79EFBC}") = "Unity.RenderPipelines.Universal.Config.Runtime", "Unity.RenderPipelines.Universal.Config.Runtime.Player.csproj", "{B121B738-3AAD-4360-62AE-67A6B65DC028}"
EndProject
Project("{FAE04EC0-301F-11D3-BF4B-00C04F79EFBC}") = "Unity.RenderPipelines.ShaderGraph.ShaderGraphLibrary", "Unity.RenderPipelines.ShaderGraph.ShaderGraphLibrary.Player.csproj", "{5C99FF8D-9CB4-FBC5-FF0A-6EA7703C04D0}"
EndProject
Project("{FAE04EC0-301F-11D3-BF4B-00C04F79EFBC}") = "Unity.RenderPipelines.Core.ShaderLibrary", "Unity.RenderPipelines.Core.ShaderLibrary.Player.csproj", "{8971983B-0D3E-DF76-C65E-6661228A61A9}"
EndProject
Global
	GlobalSection(SolutionConfigurationPlatforms) = preSolution
		Debug|Any CPU = Debug|Any CPU
		Release|Any CPU = Release|Any CPU
	EndGlobalSection
	GlobalSection(ProjectConfigurationPlatforms) = postSolution
		{B85C415A-32F8-1F0C-64E6-B84F0F8FB886}.Debug|Any CPU.ActiveCfg = Debug|Any CPU
		{B85C415A-32F8-1F0C-64E6-B84F0F8FB886}.Debug|Any CPU.Build.0 = Debug|Any CPU
		{B85C415A-32F8-1F0C-64E6-B84F0F8FB886}.Release|Any CPU.ActiveCfg = Release|Any CPU
		{B85C415A-32F8-1F0C-64E6-B84F0F8FB886}.Release|Any CPU.Build.0 = Release|Any CPU
		{848B5767-06A4-4AF1-7281-064DAC9C776F}.Debug|Any CPU.ActiveCfg = Debug|Any CPU
		{848B5767-06A4-4AF1-7281-064DAC9C776F}.Debug|Any CPU.Build.0 = Debug|Any CPU
		{848B5767-06A4-4AF1-7281-064DAC9C776F}.Release|Any CPU.ActiveCfg = Release|Any CPU
		{848B5767-06A4-4AF1-7281-064DAC9C776F}.Release|Any CPU.Build.0 = Release|Any CPU
		{A31F0F23-079D-C4AB-C7E4-890E8DA2E77F}.Debug|Any CPU.ActiveCfg = Debug|Any CPU
		{A31F0F23-079D-C4AB-C7E4-890E8DA2E77F}.Debug|Any CPU.Build.0 = Debug|Any CPU
		{A31F0F23-079D-C4AB-C7E4-890E8DA2E77F}.Release|Any CPU.ActiveCfg = Release|Any CPU
		{A31F0F23-079D-C4AB-C7E4-890E8DA2E77F}.Release|Any CPU.Build.0 = Release|Any CPU
		{7ADD0927-5E77-7817-15EA-C764C8B7BC96}.Debug|Any CPU.ActiveCfg = Debug|Any CPU
		{7ADD0927-5E77-7817-15EA-C764C8B7BC96}.Debug|Any CPU.Build.0 = Debug|Any CPU
		{7ADD0927-5E77-7817-15EA-C764C8B7BC96}.Release|Any CPU.ActiveCfg = Release|Any CPU
		{7ADD0927-5E77-7817-15EA-C764C8B7BC96}.Release|Any CPU.Build.0 = Release|Any CPU
		{0672A9D8-35F2-B16E-5312-2E574EE57A87}.Debug|Any CPU.ActiveCfg = Debug|Any CPU
		{0672A9D8-35F2-B16E-5312-2E574EE57A87}.Debug|Any CPU.Build.0 = Debug|Any CPU
		{0672A9D8-35F2-B16E-5312-2E574EE57A87}.Release|Any CPU.ActiveCfg = Release|Any CPU
		{0672A9D8-35F2-B16E-5312-2E574EE57A87}.Release|Any CPU.Build.0 = Release|Any CPU
		{612A2AEC-C219-5609-4551-8F751310BD20}.Debug|Any CPU.ActiveCfg = Debug|Any CPU
		{612A2AEC-C219-5609-4551-8F751310BD20}.Debug|Any CPU.Build.0 = Debug|Any CPU
		{612A2AEC-C219-5609-4551-8F751310BD20}.Release|Any CPU.ActiveCfg = Release|Any CPU
		{612A2AEC-C219-5609-4551-8F751310BD20}.Release|Any CPU.Build.0 = Release|Any CPU
		{F4E6320B-D234-0AAF-9232-1BC04DB66968}.Debug|Any CPU.ActiveCfg = Debug|Any CPU
		{F4E6320B-D234-0AAF-9232-1BC04DB66968}.Debug|Any CPU.Build.0 = Debug|Any CPU
		{F4E6320B-D234-0AAF-9232-1BC04DB66968}.Release|Any CPU.ActiveCfg = Release|Any CPU
		{F4E6320B-D234-0AAF-9232-1BC04DB66968}.Release|Any CPU.Build.0 = Release|Any CPU
		{99AF715C-5EF8-A516-1E98-3742CFF2ED21}.Debug|Any CPU.ActiveCfg = Debug|Any CPU
		{99AF715C-5EF8-A516-1E98-3742CFF2ED21}.Debug|Any CPU.Build.0 = Debug|Any CPU
		{99AF715C-5EF8-A516-1E98-3742CFF2ED21}.Release|Any CPU.ActiveCfg = Release|Any CPU
		{99AF715C-5EF8-A516-1E98-3742CFF2ED21}.Release|Any CPU.Build.0 = Release|Any CPU
		{C74D0E4C-B058-E4BF-BD69-F0BA1DDFA932}.Debug|Any CPU.ActiveCfg = Debug|Any CPU
		{C74D0E4C-B058-E4BF-BD69-F0BA1DDFA932}.Debug|Any CPU.Build.0 = Debug|Any CPU
		{C74D0E4C-B058-E4BF-BD69-F0BA1DDFA932}.Release|Any CPU.ActiveCfg = Release|Any CPU
		{C74D0E4C-B058-E4BF-BD69-F0BA1DDFA932}.Release|Any CPU.Build.0 = Release|Any CPU
		{ACC2B72C-4E68-44DC-F3CA-0EB987EF6BD8}.Debug|Any CPU.ActiveCfg = Debug|Any CPU
		{ACC2B72C-4E68-44DC-F3CA-0EB987EF6BD8}.Debug|Any CPU.Build.0 = Debug|Any CPU
		{ACC2B72C-4E68-44DC-F3CA-0EB987EF6BD8}.Release|Any CPU.ActiveCfg = Release|Any CPU
		{ACC2B72C-4E68-44DC-F3CA-0EB987EF6BD8}.Release|Any CPU.Build.0 = Release|Any CPU
		{79E0EC2E-58EC-F1AF-6FE0-B5BB9B93778C}.Debug|Any CPU.ActiveCfg = Debug|Any CPU
		{79E0EC2E-58EC-F1AF-6FE0-B5BB9B93778C}.Debug|Any CPU.Build.0 = Debug|Any CPU
		{79E0EC2E-58EC-F1AF-6FE0-B5BB9B93778C}.Release|Any CPU.ActiveCfg = Release|Any CPU
		{79E0EC2E-58EC-F1AF-6FE0-B5BB9B93778C}.Release|Any CPU.Build.0 = Release|Any CPU
		{8341AD6E-CEFA-35DB-E6AA-B0B10E053AD4}.Debug|Any CPU.ActiveCfg = Debug|Any CPU
		{8341AD6E-CEFA-35DB-E6AA-B0B10E053AD4}.Debug|Any CPU.Build.0 = Debug|Any CPU
		{8341AD6E-CEFA-35DB-E6AA-B0B10E053AD4}.Release|Any CPU.ActiveCfg = Release|Any CPU
		{8341AD6E-CEFA-35DB-E6AA-B0B10E053AD4}.Release|Any CPU.Build.0 = Release|Any CPU
		{392F4EEA-677E-80E3-0A58-A0804ECF464E}.Debug|Any CPU.ActiveCfg = Debug|Any CPU
		{392F4EEA-677E-80E3-0A58-A0804ECF464E}.Debug|Any CPU.Build.0 = Debug|Any CPU
		{392F4EEA-677E-80E3-0A58-A0804ECF464E}.Release|Any CPU.ActiveCfg = Release|Any CPU
		{392F4EEA-677E-80E3-0A58-A0804ECF464E}.Release|Any CPU.Build.0 = Release|Any CPU
		{516D8848-9CB3-E12B-126F-A0F318A878FF}.Debug|Any CPU.ActiveCfg = Debug|Any CPU
		{516D8848-9CB3-E12B-126F-A0F318A878FF}.Debug|Any CPU.Build.0 = Debug|Any CPU
		{516D8848-9CB3-E12B-126F-A0F318A878FF}.Release|Any CPU.ActiveCfg = Release|Any CPU
		{516D8848-9CB3-E12B-126F-A0F318A878FF}.Release|Any CPU.Build.0 = Release|Any CPU
		{2CD88A8E-B8FC-34F3-F76E-6EDAB78E06B1}.Debug|Any CPU.ActiveCfg = Debug|Any CPU
		{2CD88A8E-B8FC-34F3-F76E-6EDAB78E06B1}.Debug|Any CPU.Build.0 = Debug|Any CPU
		{2CD88A8E-B8FC-34F3-F76E-6EDAB78E06B1}.Release|Any CPU.ActiveCfg = Release|Any CPU
		{2CD88A8E-B8FC-34F3-F76E-6EDAB78E06B1}.Release|Any CPU.Build.0 = Release|Any CPU
		{6FD1E786-5587-133E-ADE9-B931A8943EE8}.Debug|Any CPU.ActiveCfg = Debug|Any CPU
		{6FD1E786-5587-133E-ADE9-B931A8943EE8}.Debug|Any CPU.Build.0 = Debug|Any CPU
		{6FD1E786-5587-133E-ADE9-B931A8943EE8}.Release|Any CPU.ActiveCfg = Release|Any CPU
		{6FD1E786-5587-133E-ADE9-B931A8943EE8}.Release|Any CPU.Build.0 = Release|Any CPU
		{5B7D30B3-9C50-C0A4-E03B-C01891A625B9}.Debug|Any CPU.ActiveCfg = Debug|Any CPU
		{5B7D30B3-9C50-C0A4-E03B-C01891A625B9}.Debug|Any CPU.Build.0 = Debug|Any CPU
		{5B7D30B3-9C50-C0A4-E03B-C01891A625B9}.Release|Any CPU.ActiveCfg = Release|Any CPU
		{5B7D30B3-9C50-C0A4-E03B-C01891A625B9}.Release|Any CPU.Build.0 = Release|Any CPU
		{8BE2162A-558F-3402-66F9-74C2419E1359}.Debug|Any CPU.ActiveCfg = Debug|Any CPU
		{8BE2162A-558F-3402-66F9-74C2419E1359}.Debug|Any CPU.Build.0 = Debug|Any CPU
		{8BE2162A-558F-3402-66F9-74C2419E1359}.Release|Any CPU.ActiveCfg = Release|Any CPU
		{8BE2162A-558F-3402-66F9-74C2419E1359}.Release|Any CPU.Build.0 = Release|Any CPU
		{9D552DDC-02B5-5059-8955-10787ECAF3DB}.Debug|Any CPU.ActiveCfg = Debug|Any CPU
		{9D552DDC-02B5-5059-8955-10787ECAF3DB}.Debug|Any CPU.Build.0 = Debug|Any CPU
		{9D552DDC-02B5-5059-8955-10787ECAF3DB}.Release|Any CPU.ActiveCfg = Release|Any CPU
		{9D552DDC-02B5-5059-8955-10787ECAF3DB}.Release|Any CPU.Build.0 = Release|Any CPU
		{8F936C7C-D967-A879-7B10-538AC4A2779A}.Debug|Any CPU.ActiveCfg = Debug|Any CPU
		{8F936C7C-D967-A879-7B10-538AC4A2779A}.Debug|Any CPU.Build.0 = Debug|Any CPU
		{8F936C7C-D967-A879-7B10-538AC4A2779A}.Release|Any CPU.ActiveCfg = Release|Any CPU
		{8F936C7C-D967-A879-7B10-538AC4A2779A}.Release|Any CPU.Build.0 = Release|Any CPU
		{375960D8-4406-6C0B-FAC6-0A6D25890135}.Debug|Any CPU.ActiveCfg = Debug|Any CPU
		{375960D8-4406-6C0B-FAC6-0A6D25890135}.Debug|Any CPU.Build.0 = Debug|Any CPU
		{375960D8-4406-6C0B-FAC6-0A6D25890135}.Release|Any CPU.ActiveCfg = Release|Any CPU
		{375960D8-4406-6C0B-FAC6-0A6D25890135}.Release|Any CPU.Build.0 = Release|Any CPU
		{D104A8C8-DE30-2CED-8EC2-472A04D0F3ED}.Debug|Any CPU.ActiveCfg = Debug|Any CPU
		{D104A8C8-DE30-2CED-8EC2-472A04D0F3ED}.Debug|Any CPU.Build.0 = Debug|Any CPU
		{D104A8C8-DE30-2CED-8EC2-472A04D0F3ED}.Release|Any CPU.ActiveCfg = Release|Any CPU
		{D104A8C8-DE30-2CED-8EC2-472A04D0F3ED}.Release|Any CPU.Build.0 = Release|Any CPU
		{E0AF43AE-2C84-877A-8744-8C3B985BBF6E}.Debug|Any CPU.ActiveCfg = Debug|Any CPU
		{E0AF43AE-2C84-877A-8744-8C3B985BBF6E}.Debug|Any CPU.Build.0 = Debug|Any CPU
		{E0AF43AE-2C84-877A-8744-8C3B985BBF6E}.Release|Any CPU.ActiveCfg = Release|Any CPU
		{E0AF43AE-2C84-877A-8744-8C3B985BBF6E}.Release|Any CPU.Build.0 = Release|Any CPU
		{649F888F-E88C-A27C-3412-D27807000CAC}.Debug|Any CPU.ActiveCfg = Debug|Any CPU
		{649F888F-E88C-A27C-3412-D27807000CAC}.Debug|Any CPU.Build.0 = Debug|Any CPU
		{649F888F-E88C-A27C-3412-D27807000CAC}.Release|Any CPU.ActiveCfg = Release|Any CPU
		{649F888F-E88C-A27C-3412-D27807000CAC}.Release|Any CPU.Build.0 = Release|Any CPU
		{C12D1A16-C200-FAFB-919F-9ADC68751473}.Debug|Any CPU.ActiveCfg = Debug|Any CPU
		{C12D1A16-C200-FAFB-919F-9ADC68751473}.Debug|Any CPU.Build.0 = Debug|Any CPU
		{C12D1A16-C200-FAFB-919F-9ADC68751473}.Release|Any CPU.ActiveCfg = Release|Any CPU
		{C12D1A16-C200-FAFB-919F-9ADC68751473}.Release|Any CPU.Build.0 = Release|Any CPU
		{4B1BB9D1-B04D-9DDF-783C-906F25678B53}.Debug|Any CPU.ActiveCfg = Debug|Any CPU
		{4B1BB9D1-B04D-9DDF-783C-906F25678B53}.Debug|Any CPU.Build.0 = Debug|Any CPU
		{4B1BB9D1-B04D-9DDF-783C-906F25678B53}.Release|Any CPU.ActiveCfg = Release|Any CPU
		{4B1BB9D1-B04D-9DDF-783C-906F25678B53}.Release|Any CPU.Build.0 = Release|Any CPU
		{3A045323-A192-9025-3116-02772C77CA7C}.Debug|Any CPU.ActiveCfg = Debug|Any CPU
		{3A045323-A192-9025-3116-02772C77CA7C}.Debug|Any CPU.Build.0 = Debug|Any CPU
		{3A045323-A192-9025-3116-02772C77CA7C}.Release|Any CPU.ActiveCfg = Release|Any CPU
		{3A045323-A192-9025-3116-02772C77CA7C}.Release|Any CPU.Build.0 = Release|Any CPU
		{8D19942E-D963-F876-2900-2AB468DBCFE5}.Debug|Any CPU.ActiveCfg = Debug|Any CPU
		{8D19942E-D963-F876-2900-2AB468DBCFE5}.Debug|Any CPU.Build.0 = Debug|Any CPU
		{8D19942E-D963-F876-2900-2AB468DBCFE5}.Release|Any CPU.ActiveCfg = Release|Any CPU
		{8D19942E-D963-F876-2900-2AB468DBCFE5}.Release|Any CPU.Build.0 = Release|Any CPU
		{6D9E96B5-97EE-6A26-17A9-2A1D70879B8A}.Debug|Any CPU.ActiveCfg = Debug|Any CPU
		{6D9E96B5-97EE-6A26-17A9-2A1D70879B8A}.Debug|Any CPU.Build.0 = Debug|Any CPU
		{6D9E96B5-97EE-6A26-17A9-2A1D70879B8A}.Release|Any CPU.ActiveCfg = Release|Any CPU
		{6D9E96B5-97EE-6A26-17A9-2A1D70879B8A}.Release|Any CPU.Build.0 = Release|Any CPU
		{E6623092-FF13-EB46-80B8-1E013F894EC7}.Debug|Any CPU.ActiveCfg = Debug|Any CPU
		{E6623092-FF13-EB46-80B8-1E013F894EC7}.Debug|Any CPU.Build.0 = Debug|Any CPU
		{E6623092-FF13-EB46-80B8-1E013F894EC7}.Release|Any CPU.ActiveCfg = Release|Any CPU
		{E6623092-FF13-EB46-80B8-1E013F894EC7}.Release|Any CPU.Build.0 = Release|Any CPU
		{1A894D23-7121-D084-C4A8-104DA2FE56A9}.Debug|Any CPU.ActiveCfg = Debug|Any CPU
		{1A894D23-7121-D084-C4A8-104DA2FE56A9}.Debug|Any CPU.Build.0 = Debug|Any CPU
		{1A894D23-7121-D084-C4A8-104DA2FE56A9}.Release|Any CPU.ActiveCfg = Release|Any CPU
		{1A894D23-7121-D084-C4A8-104DA2FE56A9}.Release|Any CPU.Build.0 = Release|Any CPU
		{DED5CAF7-C0B9-F155-A000-57B0A8CF13B1}.Debug|Any CPU.ActiveCfg = Debug|Any CPU
		{DED5CAF7-C0B9-F155-A000-57B0A8CF13B1}.Debug|Any CPU.Build.0 = Debug|Any CPU
		{DED5CAF7-C0B9-F155-A000-57B0A8CF13B1}.Release|Any CPU.ActiveCfg = Release|Any CPU
		{DED5CAF7-C0B9-F155-A000-57B0A8CF13B1}.Release|Any CPU.Build.0 = Release|Any CPU
		{22707A3B-C5AF-A35F-8533-808CC6576C39}.Debug|Any CPU.ActiveCfg = Debug|Any CPU
		{22707A3B-C5AF-A35F-8533-808CC6576C39}.Debug|Any CPU.Build.0 = Debug|Any CPU
		{22707A3B-C5AF-A35F-8533-808CC6576C39}.Release|Any CPU.ActiveCfg = Release|Any CPU
		{22707A3B-C5AF-A35F-8533-808CC6576C39}.Release|Any CPU.Build.0 = Release|Any CPU
		{20B4500D-53F9-80A1-AA67-D4114AEBFD39}.Debug|Any CPU.ActiveCfg = Debug|Any CPU
		{20B4500D-53F9-80A1-AA67-D4114AEBFD39}.Debug|Any CPU.Build.0 = Debug|Any CPU
		{20B4500D-53F9-80A1-AA67-D4114AEBFD39}.Release|Any CPU.ActiveCfg = Release|Any CPU
		{20B4500D-53F9-80A1-AA67-D4114AEBFD39}.Release|Any CPU.Build.0 = Release|Any CPU
		{8CF9BF5F-6202-5FA2-7C4A-1D59E12655A3}.Debug|Any CPU.ActiveCfg = Debug|Any CPU
		{8CF9BF5F-6202-5FA2-7C4A-1D59E12655A3}.Debug|Any CPU.Build.0 = Debug|Any CPU
		{8CF9BF5F-6202-5FA2-7C4A-1D59E12655A3}.Release|Any CPU.ActiveCfg = Release|Any CPU
		{8CF9BF5F-6202-5FA2-7C4A-1D59E12655A3}.Release|Any CPU.Build.0 = Release|Any CPU
		{4502D5C3-E1D0-DDA2-2F3F-F619A6BA0DA7}.Debug|Any CPU.ActiveCfg = Debug|Any CPU
		{4502D5C3-E1D0-DDA2-2F3F-F619A6BA0DA7}.Debug|Any CPU.Build.0 = Debug|Any CPU
		{4502D5C3-E1D0-DDA2-2F3F-F619A6BA0DA7}.Release|Any CPU.ActiveCfg = Release|Any CPU
		{4502D5C3-E1D0-DDA2-2F3F-F619A6BA0DA7}.Release|Any CPU.Build.0 = Release|Any CPU
		{A1B95344-582E-4963-E129-71AAC0179BE3}.Debug|Any CPU.ActiveCfg = Debug|Any CPU
		{A1B95344-582E-4963-E129-71AAC0179BE3}.Debug|Any CPU.Build.0 = Debug|Any CPU
		{A1B95344-582E-4963-E129-71AAC0179BE3}.Release|Any CPU.ActiveCfg = Release|Any CPU
		{A1B95344-582E-4963-E129-71AAC0179BE3}.Release|Any CPU.Build.0 = Release|Any CPU
		{950C8535-BAF6-348B-089B-F02E51304E19}.Debug|Any CPU.ActiveCfg = Debug|Any CPU
		{950C8535-BAF6-348B-089B-F02E51304E19}.Debug|Any CPU.Build.0 = Debug|Any CPU
		{950C8535-BAF6-348B-089B-F02E51304E19}.Release|Any CPU.ActiveCfg = Release|Any CPU
		{950C8535-BAF6-348B-089B-F02E51304E19}.Release|Any CPU.Build.0 = Release|Any CPU
		{85C1AF3A-22AA-4CA5-BD43-9D28297A87E6}.Debug|Any CPU.ActiveCfg = Debug|Any CPU
		{85C1AF3A-22AA-4CA5-BD43-9D28297A87E6}.Debug|Any CPU.Build.0 = Debug|Any CPU
		{85C1AF3A-22AA-4CA5-BD43-9D28297A87E6}.Release|Any CPU.ActiveCfg = Release|Any CPU
		{85C1AF3A-22AA-4CA5-BD43-9D28297A87E6}.Release|Any CPU.Build.0 = Release|Any CPU
		{D74A805A-9DF1-5FD6-94BF-8BB96D42E939}.Debug|Any CPU.ActiveCfg = Debug|Any CPU
		{D74A805A-9DF1-5FD6-94BF-8BB96D42E939}.Debug|Any CPU.Build.0 = Debug|Any CPU
		{D74A805A-9DF1-5FD6-94BF-8BB96D42E939}.Release|Any CPU.ActiveCfg = Release|Any CPU
		{D74A805A-9DF1-5FD6-94BF-8BB96D42E939}.Release|Any CPU.Build.0 = Release|Any CPU
		{68F4E9FE-6D2D-6DF3-9662-0672584E378D}.Debug|Any CPU.ActiveCfg = Debug|Any CPU
		{68F4E9FE-6D2D-6DF3-9662-0672584E378D}.Debug|Any CPU.Build.0 = Debug|Any CPU
		{68F4E9FE-6D2D-6DF3-9662-0672584E378D}.Release|Any CPU.ActiveCfg = Release|Any CPU
		{68F4E9FE-6D2D-6DF3-9662-0672584E378D}.Release|Any CPU.Build.0 = Release|Any CPU
		{2EF58706-EF94-0D4B-9AEF-F3B08A978F3D}.Debug|Any CPU.ActiveCfg = Debug|Any CPU
		{2EF58706-EF94-0D4B-9AEF-F3B08A978F3D}.Debug|Any CPU.Build.0 = Debug|Any CPU
		{2EF58706-EF94-0D4B-9AEF-F3B08A978F3D}.Release|Any CPU.ActiveCfg = Release|Any CPU
		{2EF58706-EF94-0D4B-9AEF-F3B08A978F3D}.Release|Any CPU.Build.0 = Release|Any CPU
		{67C1F591-EA87-92CD-55B3-EA6E71ADF69C}.Debug|Any CPU.ActiveCfg = Debug|Any CPU
		{67C1F591-EA87-92CD-55B3-EA6E71ADF69C}.Debug|Any CPU.Build.0 = Debug|Any CPU
		{67C1F591-EA87-92CD-55B3-EA6E71ADF69C}.Release|Any CPU.ActiveCfg = Release|Any CPU
		{67C1F591-EA87-92CD-55B3-EA6E71ADF69C}.Release|Any CPU.Build.0 = Release|Any CPU
		{E892655D-673D-B4BE-4C85-7F373363B494}.Debug|Any CPU.ActiveCfg = Debug|Any CPU
		{E892655D-673D-B4BE-4C85-7F373363B494}.Debug|Any CPU.Build.0 = Debug|Any CPU
		{E892655D-673D-B4BE-4C85-7F373363B494}.Release|Any CPU.ActiveCfg = Release|Any CPU
		{E892655D-673D-B4BE-4C85-7F373363B494}.Release|Any CPU.Build.0 = Release|Any CPU
		{52FD886D-E957-C367-1533-874C462DAB0E}.Debug|Any CPU.ActiveCfg = Debug|Any CPU
		{52FD886D-E957-C367-1533-874C462DAB0E}.Debug|Any CPU.Build.0 = Debug|Any CPU
		{52FD886D-E957-C367-1533-874C462DAB0E}.Release|Any CPU.ActiveCfg = Release|Any CPU
		{52FD886D-E957-C367-1533-874C462DAB0E}.Release|Any CPU.Build.0 = Release|Any CPU
		{DEBD8260-3422-9D27-FEBA-7D8CA86F50BE}.Debug|Any CPU.ActiveCfg = Debug|Any CPU
		{DEBD8260-3422-9D27-FEBA-7D8CA86F50BE}.Debug|Any CPU.Build.0 = Debug|Any CPU
		{DEBD8260-3422-9D27-FEBA-7D8CA86F50BE}.Release|Any CPU.ActiveCfg = Release|Any CPU
		{DEBD8260-3422-9D27-FEBA-7D8CA86F50BE}.Release|Any CPU.Build.0 = Release|Any CPU
		{C6D78EAE-E225-66D9-67C9-8E2B67F9BC47}.Debug|Any CPU.ActiveCfg = Debug|Any CPU
		{C6D78EAE-E225-66D9-67C9-8E2B67F9BC47}.Debug|Any CPU.Build.0 = Debug|Any CPU
		{C6D78EAE-E225-66D9-67C9-8E2B67F9BC47}.Release|Any CPU.ActiveCfg = Release|Any CPU
		{C6D78EAE-E225-66D9-67C9-8E2B67F9BC47}.Release|Any CPU.Build.0 = Release|Any CPU
		{9740EDAF-0E6A-6E39-022C-3018BEE83DE3}.Debug|Any CPU.ActiveCfg = Debug|Any CPU
		{9740EDAF-0E6A-6E39-022C-3018BEE83DE3}.Debug|Any CPU.Build.0 = Debug|Any CPU
		{9740EDAF-0E6A-6E39-022C-3018BEE83DE3}.Release|Any CPU.ActiveCfg = Release|Any CPU
		{9740EDAF-0E6A-6E39-022C-3018BEE83DE3}.Release|Any CPU.Build.0 = Release|Any CPU
		{6E0D9097-2513-4EEB-5ECB-58B369993BC9}.Debug|Any CPU.ActiveCfg = Debug|Any CPU
		{6E0D9097-2513-4EEB-5ECB-58B369993BC9}.Debug|Any CPU.Build.0 = Debug|Any CPU
		{6E0D9097-2513-4EEB-5ECB-58B369993BC9}.Release|Any CPU.ActiveCfg = Release|Any CPU
		{6E0D9097-2513-4EEB-5ECB-58B369993BC9}.Release|Any CPU.Build.0 = Release|Any CPU
		{6EBAF177-5673-29C3-2E98-C3502C709C98}.Debug|Any CPU.ActiveCfg = Debug|Any CPU
		{6EBAF177-5673-29C3-2E98-C3502C709C98}.Debug|Any CPU.Build.0 = Debug|Any CPU
		{6EBAF177-5673-29C3-2E98-C3502C709C98}.Release|Any CPU.ActiveCfg = Release|Any CPU
		{6EBAF177-5673-29C3-2E98-C3502C709C98}.Release|Any CPU.Build.0 = Release|Any CPU
		{9939B049-3E34-26EC-4685-74C9ECB6385D}.Debug|Any CPU.ActiveCfg = Debug|Any CPU
		{9939B049-3E34-26EC-4685-74C9ECB6385D}.Debug|Any CPU.Build.0 = Debug|Any CPU
		{9939B049-3E34-26EC-4685-74C9ECB6385D}.Release|Any CPU.ActiveCfg = Release|Any CPU
		{9939B049-3E34-26EC-4685-74C9ECB6385D}.Release|Any CPU.Build.0 = Release|Any CPU
		{ED2FF83C-DB48-2FCD-EB3D-1D369856BB55}.Debug|Any CPU.ActiveCfg = Debug|Any CPU
		{ED2FF83C-DB48-2FCD-EB3D-1D369856BB55}.Debug|Any CPU.Build.0 = Debug|Any CPU
		{ED2FF83C-DB48-2FCD-EB3D-1D369856BB55}.Release|Any CPU.ActiveCfg = Release|Any CPU
		{ED2FF83C-DB48-2FCD-EB3D-1D369856BB55}.Release|Any CPU.Build.0 = Release|Any CPU
		{760C3C8E-4038-4128-6F13-A5C3379F636E}.Debug|Any CPU.ActiveCfg = Debug|Any CPU
		{760C3C8E-4038-4128-6F13-A5C3379F636E}.Debug|Any CPU.Build.0 = Debug|Any CPU
		{760C3C8E-4038-4128-6F13-A5C3379F636E}.Release|Any CPU.ActiveCfg = Release|Any CPU
		{760C3C8E-4038-4128-6F13-A5C3379F636E}.Release|Any CPU.Build.0 = Release|Any CPU
		{C0F18C32-2A0B-867D-BBB5-1C9545FEE98D}.Debug|Any CPU.ActiveCfg = Debug|Any CPU
		{C0F18C32-2A0B-867D-BBB5-1C9545FEE98D}.Debug|Any CPU.Build.0 = Debug|Any CPU
		{C0F18C32-2A0B-867D-BBB5-1C9545FEE98D}.Release|Any CPU.ActiveCfg = Release|Any CPU
		{C0F18C32-2A0B-867D-BBB5-1C9545FEE98D}.Release|Any CPU.Build.0 = Release|Any CPU
		{7BA10D50-A99D-21E8-9743-78877BDEA1D7}.Debug|Any CPU.ActiveCfg = Debug|Any CPU
		{7BA10D50-A99D-21E8-9743-78877BDEA1D7}.Debug|Any CPU.Build.0 = Debug|Any CPU
		{7BA10D50-A99D-21E8-9743-78877BDEA1D7}.Release|Any CPU.ActiveCfg = Release|Any CPU
		{7BA10D50-A99D-21E8-9743-78877BDEA1D7}.Release|Any CPU.Build.0 = Release|Any CPU
		{EC29E3B0-735F-7FF9-D84B-73269D3B9F8F}.Debug|Any CPU.ActiveCfg = Debug|Any CPU
		{EC29E3B0-735F-7FF9-D84B-73269D3B9F8F}.Debug|Any CPU.Build.0 = Debug|Any CPU
		{EC29E3B0-735F-7FF9-D84B-73269D3B9F8F}.Release|Any CPU.ActiveCfg = Release|Any CPU
		{EC29E3B0-735F-7FF9-D84B-73269D3B9F8F}.Release|Any CPU.Build.0 = Release|Any CPU
		{D0BBF3B8-19C7-F995-5DF1-DE21C7A3E200}.Debug|Any CPU.ActiveCfg = Debug|Any CPU
		{D0BBF3B8-19C7-F995-5DF1-DE21C7A3E200}.Debug|Any CPU.Build.0 = Debug|Any CPU
		{D0BBF3B8-19C7-F995-5DF1-DE21C7A3E200}.Release|Any CPU.ActiveCfg = Release|Any CPU
		{D0BBF3B8-19C7-F995-5DF1-DE21C7A3E200}.Release|Any CPU.Build.0 = Release|Any CPU
		{49D0C5AA-01BD-9C0D-2535-2A95F7A2C578}.Debug|Any CPU.ActiveCfg = Debug|Any CPU
		{49D0C5AA-01BD-9C0D-2535-2A95F7A2C578}.Debug|Any CPU.Build.0 = Debug|Any CPU
		{49D0C5AA-01BD-9C0D-2535-2A95F7A2C578}.Release|Any CPU.ActiveCfg = Release|Any CPU
		{49D0C5AA-01BD-9C0D-2535-2A95F7A2C578}.Release|Any CPU.Build.0 = Release|Any CPU
		{9BCA41BD-2F4C-4686-587E-154D56961A40}.Debug|Any CPU.ActiveCfg = Debug|Any CPU
		{9BCA41BD-2F4C-4686-587E-154D56961A40}.Debug|Any CPU.Build.0 = Debug|Any CPU
		{9BCA41BD-2F4C-4686-587E-154D56961A40}.Release|Any CPU.ActiveCfg = Release|Any CPU
		{9BCA41BD-2F4C-4686-587E-154D56961A40}.Release|Any CPU.Build.0 = Release|Any CPU
		{1303DFC9-EA2A-9AAB-3506-CEF05283CE7D}.Debug|Any CPU.ActiveCfg = Debug|Any CPU
		{1303DFC9-EA2A-9AAB-3506-CEF05283CE7D}.Debug|Any CPU.Build.0 = Debug|Any CPU
		{1303DFC9-EA2A-9AAB-3506-CEF05283CE7D}.Release|Any CPU.ActiveCfg = Release|Any CPU
		{1303DFC9-EA2A-9AAB-3506-CEF05283CE7D}.Release|Any CPU.Build.0 = Release|Any CPU
		{D70A1634-C12D-3320-0AB7-9547AEF95539}.Debug|Any CPU.ActiveCfg = Debug|Any CPU
		{D70A1634-C12D-3320-0AB7-9547AEF95539}.Debug|Any CPU.Build.0 = Debug|Any CPU
		{D70A1634-C12D-3320-0AB7-9547AEF95539}.Release|Any CPU.ActiveCfg = Release|Any CPU
		{D70A1634-C12D-3320-0AB7-9547AEF95539}.Release|Any CPU.Build.0 = Release|Any CPU
		{B052DB85-1211-8544-BB58-B193CA265B22}.Debug|Any CPU.ActiveCfg = Debug|Any CPU
		{B052DB85-1211-8544-BB58-B193CA265B22}.Debug|Any CPU.Build.0 = Debug|Any CPU
		{B052DB85-1211-8544-BB58-B193CA265B22}.Release|Any CPU.ActiveCfg = Release|Any CPU
		{B052DB85-1211-8544-BB58-B193CA265B22}.Release|Any CPU.Build.0 = Release|Any CPU
		{7EF6434D-84C1-961B-B8B0-A92C62169D86}.Debug|Any CPU.ActiveCfg = Debug|Any CPU
		{7EF6434D-84C1-961B-B8B0-A92C62169D86}.Debug|Any CPU.Build.0 = Debug|Any CPU
		{7EF6434D-84C1-961B-B8B0-A92C62169D86}.Release|Any CPU.ActiveCfg = Release|Any CPU
		{7EF6434D-84C1-961B-B8B0-A92C62169D86}.Release|Any CPU.Build.0 = Release|Any CPU
		{2BF227D7-179E-8A81-6B81-A0E8E7A7501D}.Debug|Any CPU.ActiveCfg = Debug|Any CPU
		{2BF227D7-179E-8A81-6B81-A0E8E7A7501D}.Debug|Any CPU.Build.0 = Debug|Any CPU
		{2BF227D7-179E-8A81-6B81-A0E8E7A7501D}.Release|Any CPU.ActiveCfg = Release|Any CPU
		{2BF227D7-179E-8A81-6B81-A0E8E7A7501D}.Release|Any CPU.Build.0 = Release|Any CPU
		{9D3D007D-5732-3B5F-3114-D03CF4DB942B}.Debug|Any CPU.ActiveCfg = Debug|Any CPU
		{9D3D007D-5732-3B5F-3114-D03CF4DB942B}.Debug|Any CPU.Build.0 = Debug|Any CPU
		{9D3D007D-5732-3B5F-3114-D03CF4DB942B}.Release|Any CPU.ActiveCfg = Release|Any CPU
		{9D3D007D-5732-3B5F-3114-D03CF4DB942B}.Release|Any CPU.Build.0 = Release|Any CPU
		{AC9AF73D-9904-3A63-27F4-5852D3448669}.Debug|Any CPU.ActiveCfg = Debug|Any CPU
		{AC9AF73D-9904-3A63-27F4-5852D3448669}.Debug|Any CPU.Build.0 = Debug|Any CPU
		{AC9AF73D-9904-3A63-27F4-5852D3448669}.Release|Any CPU.ActiveCfg = Release|Any CPU
		{AC9AF73D-9904-3A63-27F4-5852D3448669}.Release|Any CPU.Build.0 = Release|Any CPU
		{28F6A5D2-0C46-88CC-C647-F1D14E99850F}.Debug|Any CPU.ActiveCfg = Debug|Any CPU
		{28F6A5D2-0C46-88CC-C647-F1D14E99850F}.Debug|Any CPU.Build.0 = Debug|Any CPU
		{28F6A5D2-0C46-88CC-C647-F1D14E99850F}.Release|Any CPU.ActiveCfg = Release|Any CPU
		{28F6A5D2-0C46-88CC-C647-F1D14E99850F}.Release|Any CPU.Build.0 = Release|Any CPU
		{4021DFA4-8C2C-3EBC-75CE-7C203016578E}.Debug|Any CPU.ActiveCfg = Debug|Any CPU
		{4021DFA4-8C2C-3EBC-75CE-7C203016578E}.Debug|Any CPU.Build.0 = Debug|Any CPU
		{4021DFA4-8C2C-3EBC-75CE-7C203016578E}.Release|Any CPU.ActiveCfg = Release|Any CPU
		{4021DFA4-8C2C-3EBC-75CE-7C203016578E}.Release|Any CPU.Build.0 = Release|Any CPU
		{0223D3E4-6590-0F39-99FE-649F77D097F5}.Debug|Any CPU.ActiveCfg = Debug|Any CPU
		{0223D3E4-6590-0F39-99FE-649F77D097F5}.Debug|Any CPU.Build.0 = Debug|Any CPU
		{0223D3E4-6590-0F39-99FE-649F77D097F5}.Release|Any CPU.ActiveCfg = Release|Any CPU
		{0223D3E4-6590-0F39-99FE-649F77D097F5}.Release|Any CPU.Build.0 = Release|Any CPU
		{2377F4F3-A2B1-7D64-1CCF-2722ECE38C3D}.Debug|Any CPU.ActiveCfg = Debug|Any CPU
		{2377F4F3-A2B1-7D64-1CCF-2722ECE38C3D}.Debug|Any CPU.Build.0 = Debug|Any CPU
		{2377F4F3-A2B1-7D64-1CCF-2722ECE38C3D}.Release|Any CPU.ActiveCfg = Release|Any CPU
		{2377F4F3-A2B1-7D64-1CCF-2722ECE38C3D}.Release|Any CPU.Build.0 = Release|Any CPU
		{319C2615-7BBE-EEA4-261B-2FFB7E21D5D2}.Debug|Any CPU.ActiveCfg = Debug|Any CPU
		{319C2615-7BBE-EEA4-261B-2FFB7E21D5D2}.Debug|Any CPU.Build.0 = Debug|Any CPU
		{319C2615-7BBE-EEA4-261B-2FFB7E21D5D2}.Release|Any CPU.ActiveCfg = Release|Any CPU
		{319C2615-7BBE-EEA4-261B-2FFB7E21D5D2}.Release|Any CPU.Build.0 = Release|Any CPU
		{76BA59E1-9950-923E-E607-420BE37E31D9}.Debug|Any CPU.ActiveCfg = Debug|Any CPU
		{76BA59E1-9950-923E-E607-420BE37E31D9}.Debug|Any CPU.Build.0 = Debug|Any CPU
		{76BA59E1-9950-923E-E607-420BE37E31D9}.Release|Any CPU.ActiveCfg = Release|Any CPU
		{76BA59E1-9950-923E-E607-420BE37E31D9}.Release|Any CPU.Build.0 = Release|Any CPU
		{126A5619-2CF0-8526-2F1B-5DB6FF523C01}.Debug|Any CPU.ActiveCfg = Debug|Any CPU
		{126A5619-2CF0-8526-2F1B-5DB6FF523C01}.Debug|Any CPU.Build.0 = Debug|Any CPU
		{126A5619-2CF0-8526-2F1B-5DB6FF523C01}.Release|Any CPU.ActiveCfg = Release|Any CPU
		{126A5619-2CF0-8526-2F1B-5DB6FF523C01}.Release|Any CPU.Build.0 = Release|Any CPU
		{347F88AE-9DB6-9CF3-2F47-D2CA0755543E}.Debug|Any CPU.ActiveCfg = Debug|Any CPU
		{347F88AE-9DB6-9CF3-2F47-D2CA0755543E}.Debug|Any CPU.Build.0 = Debug|Any CPU
		{347F88AE-9DB6-9CF3-2F47-D2CA0755543E}.Release|Any CPU.ActiveCfg = Release|Any CPU
		{347F88AE-9DB6-9CF3-2F47-D2CA0755543E}.Release|Any CPU.Build.0 = Release|Any CPU
		{72EEF616-0C8B-698C-3563-7A211A46C5ED}.Debug|Any CPU.ActiveCfg = Debug|Any CPU
		{72EEF616-0C8B-698C-3563-7A211A46C5ED}.Debug|Any CPU.Build.0 = Debug|Any CPU
		{72EEF616-0C8B-698C-3563-7A211A46C5ED}.Release|Any CPU.ActiveCfg = Release|Any CPU
		{72EEF616-0C8B-698C-3563-7A211A46C5ED}.Release|Any CPU.Build.0 = Release|Any CPU
		{54E65D8F-236E-AF7F-5A20-62738AD04D5B}.Debug|Any CPU.ActiveCfg = Debug|Any CPU
		{54E65D8F-236E-AF7F-5A20-62738AD04D5B}.Debug|Any CPU.Build.0 = Debug|Any CPU
		{54E65D8F-236E-AF7F-5A20-62738AD04D5B}.Release|Any CPU.ActiveCfg = Release|Any CPU
		{54E65D8F-236E-AF7F-5A20-62738AD04D5B}.Release|Any CPU.Build.0 = Release|Any CPU
		{7F861B43-1946-D732-2696-09D9CF1A30F2}.Debug|Any CPU.ActiveCfg = Debug|Any CPU
		{7F861B43-1946-D732-2696-09D9CF1A30F2}.Debug|Any CPU.Build.0 = Debug|Any CPU
		{7F861B43-1946-D732-2696-09D9CF1A30F2}.Release|Any CPU.ActiveCfg = Release|Any CPU
		{7F861B43-1946-D732-2696-09D9CF1A30F2}.Release|Any CPU.Build.0 = Release|Any CPU
		{019104CA-22FE-7705-CFFB-91C7BCB48710}.Debug|Any CPU.ActiveCfg = Debug|Any CPU
		{019104CA-22FE-7705-CFFB-91C7BCB48710}.Debug|Any CPU.Build.0 = Debug|Any CPU
		{019104CA-22FE-7705-CFFB-91C7BCB48710}.Release|Any CPU.ActiveCfg = Release|Any CPU
		{019104CA-22FE-7705-CFFB-91C7BCB48710}.Release|Any CPU.Build.0 = Release|Any CPU
		{EAAEB702-FD51-E11D-9017-63FDFDBB7102}.Debug|Any CPU.ActiveCfg = Debug|Any CPU
		{EAAEB702-FD51-E11D-9017-63FDFDBB7102}.Debug|Any CPU.Build.0 = Debug|Any CPU
		{EAAEB702-FD51-E11D-9017-63FDFDBB7102}.Release|Any CPU.ActiveCfg = Release|Any CPU
		{EAAEB702-FD51-E11D-9017-63FDFDBB7102}.Release|Any CPU.Build.0 = Release|Any CPU
		{08613C30-1B4C-7E7C-511F-8DDB9C4773CB}.Debug|Any CPU.ActiveCfg = Debug|Any CPU
		{08613C30-1B4C-7E7C-511F-8DDB9C4773CB}.Debug|Any CPU.Build.0 = Debug|Any CPU
		{08613C30-1B4C-7E7C-511F-8DDB9C4773CB}.Release|Any CPU.ActiveCfg = Release|Any CPU
		{08613C30-1B4C-7E7C-511F-8DDB9C4773CB}.Release|Any CPU.Build.0 = Release|Any CPU
		{683A65C4-31EA-340B-9F5B-3AE537A34E2E}.Debug|Any CPU.ActiveCfg = Debug|Any CPU
		{683A65C4-31EA-340B-9F5B-3AE537A34E2E}.Debug|Any CPU.Build.0 = Debug|Any CPU
		{683A65C4-31EA-340B-9F5B-3AE537A34E2E}.Release|Any CPU.ActiveCfg = Release|Any CPU
		{683A65C4-31EA-340B-9F5B-3AE537A34E2E}.Release|Any CPU.Build.0 = Release|Any CPU
		{C05ED1B0-DF81-9FEA-D10A-4825F702B9D0}.Debug|Any CPU.ActiveCfg = Debug|Any CPU
		{C05ED1B0-DF81-9FEA-D10A-4825F702B9D0}.Debug|Any CPU.Build.0 = Debug|Any CPU
		{C05ED1B0-DF81-9FEA-D10A-4825F702B9D0}.Release|Any CPU.ActiveCfg = Release|Any CPU
		{C05ED1B0-DF81-9FEA-D10A-4825F702B9D0}.Release|Any CPU.Build.0 = Release|Any CPU
		{73DBEA9B-D0B7-A6F1-C7EA-2713D1495AFB}.Debug|Any CPU.ActiveCfg = Debug|Any CPU
		{73DBEA9B-D0B7-A6F1-C7EA-2713D1495AFB}.Debug|Any CPU.Build.0 = Debug|Any CPU
		{73DBEA9B-D0B7-A6F1-C7EA-2713D1495AFB}.Release|Any CPU.ActiveCfg = Release|Any CPU
		{73DBEA9B-D0B7-A6F1-C7EA-2713D1495AFB}.Release|Any CPU.Build.0 = Release|Any CPU
		{0941576E-D95F-9C33-5F78-1A5A257DCF4F}.Debug|Any CPU.ActiveCfg = Debug|Any CPU
		{0941576E-D95F-9C33-5F78-1A5A257DCF4F}.Debug|Any CPU.Build.0 = Debug|Any CPU
		{0941576E-D95F-9C33-5F78-1A5A257DCF4F}.Release|Any CPU.ActiveCfg = Release|Any CPU
		{0941576E-D95F-9C33-5F78-1A5A257DCF4F}.Release|Any CPU.Build.0 = Release|Any CPU
		{7954F8EF-C477-2658-8A9C-EB727496CC0C}.Debug|Any CPU.ActiveCfg = Debug|Any CPU
		{7954F8EF-C477-2658-8A9C-EB727496CC0C}.Debug|Any CPU.Build.0 = Debug|Any CPU
		{7954F8EF-C477-2658-8A9C-EB727496CC0C}.Release|Any CPU.ActiveCfg = Release|Any CPU
		{7954F8EF-C477-2658-8A9C-EB727496CC0C}.Release|Any CPU.Build.0 = Release|Any CPU
		{D31DDF04-173D-9123-5E43-FE8570016A4B}.Debug|Any CPU.ActiveCfg = Debug|Any CPU
		{D31DDF04-173D-9123-5E43-FE8570016A4B}.Debug|Any CPU.Build.0 = Debug|Any CPU
		{D31DDF04-173D-9123-5E43-FE8570016A4B}.Release|Any CPU.ActiveCfg = Release|Any CPU
		{D31DDF04-173D-9123-5E43-FE8570016A4B}.Release|Any CPU.Build.0 = Release|Any CPU
		{4B0996CF-9508-8F99-B7C4-A209DE2DDF89}.Debug|Any CPU.ActiveCfg = Debug|Any CPU
		{4B0996CF-9508-8F99-B7C4-A209DE2DDF89}.Debug|Any CPU.Build.0 = Debug|Any CPU
		{4B0996CF-9508-8F99-B7C4-A209DE2DDF89}.Release|Any CPU.ActiveCfg = Release|Any CPU
		{4B0996CF-9508-8F99-B7C4-A209DE2DDF89}.Release|Any CPU.Build.0 = Release|Any CPU
		{C6D857DD-BED7-4168-FC1F-127FEA189B6D}.Debug|Any CPU.ActiveCfg = Debug|Any CPU
		{C6D857DD-BED7-4168-FC1F-127FEA189B6D}.Debug|Any CPU.Build.0 = Debug|Any CPU
		{C6D857DD-BED7-4168-FC1F-127FEA189B6D}.Release|Any CPU.ActiveCfg = Release|Any CPU
		{C6D857DD-BED7-4168-FC1F-127FEA189B6D}.Release|Any CPU.Build.0 = Release|Any CPU
		{AADC3A03-8AD6-0ABF-92C9-7CDE6787925A}.Debug|Any CPU.ActiveCfg = Debug|Any CPU
		{AADC3A03-8AD6-0ABF-92C9-7CDE6787925A}.Debug|Any CPU.Build.0 = Debug|Any CPU
		{AADC3A03-8AD6-0ABF-92C9-7CDE6787925A}.Release|Any CPU.ActiveCfg = Release|Any CPU
		{AADC3A03-8AD6-0ABF-92C9-7CDE6787925A}.Release|Any CPU.Build.0 = Release|Any CPU
		{6C880538-F91C-1780-F3D1-BA6AF75E131C}.Debug|Any CPU.ActiveCfg = Debug|Any CPU
		{6C880538-F91C-1780-F3D1-BA6AF75E131C}.Debug|Any CPU.Build.0 = Debug|Any CPU
		{6C880538-F91C-1780-F3D1-BA6AF75E131C}.Release|Any CPU.ActiveCfg = Release|Any CPU
		{6C880538-F91C-1780-F3D1-BA6AF75E131C}.Release|Any CPU.Build.0 = Release|Any CPU
		{3FC853C2-D77E-EC13-7DCB-25CF8636F69F}.Debug|Any CPU.ActiveCfg = Debug|Any CPU
		{3FC853C2-D77E-EC13-7DCB-25CF8636F69F}.Debug|Any CPU.Build.0 = Debug|Any CPU
		{3FC853C2-D77E-EC13-7DCB-25CF8636F69F}.Release|Any CPU.ActiveCfg = Release|Any CPU
		{3FC853C2-D77E-EC13-7DCB-25CF8636F69F}.Release|Any CPU.Build.0 = Release|Any CPU
		{99C94A45-0BA6-1CE6-FDD8-464285F0B4BE}.Debug|Any CPU.ActiveCfg = Debug|Any CPU
		{99C94A45-0BA6-1CE6-FDD8-464285F0B4BE}.Debug|Any CPU.Build.0 = Debug|Any CPU
		{99C94A45-0BA6-1CE6-FDD8-464285F0B4BE}.Release|Any CPU.ActiveCfg = Release|Any CPU
		{99C94A45-0BA6-1CE6-FDD8-464285F0B4BE}.Release|Any CPU.Build.0 = Release|Any CPU
		{AC951ADA-6CA1-CD0D-8346-573D7BD22DFE}.Debug|Any CPU.ActiveCfg = Debug|Any CPU
		{AC951ADA-6CA1-CD0D-8346-573D7BD22DFE}.Debug|Any CPU.Build.0 = Debug|Any CPU
		{AC951ADA-6CA1-CD0D-8346-573D7BD22DFE}.Release|Any CPU.ActiveCfg = Release|Any CPU
		{AC951ADA-6CA1-CD0D-8346-573D7BD22DFE}.Release|Any CPU.Build.0 = Release|Any CPU
		{F3F9BED9-64DE-8C25-826C-77838351A85F}.Debug|Any CPU.ActiveCfg = Debug|Any CPU
		{F3F9BED9-64DE-8C25-826C-77838351A85F}.Debug|Any CPU.Build.0 = Debug|Any CPU
		{F3F9BED9-64DE-8C25-826C-77838351A85F}.Release|Any CPU.ActiveCfg = Release|Any CPU
		{F3F9BED9-64DE-8C25-826C-77838351A85F}.Release|Any CPU.Build.0 = Release|Any CPU
		{6297718F-D7C9-D266-3BB7-21CF0C75D5E7}.Debug|Any CPU.ActiveCfg = Debug|Any CPU
		{6297718F-D7C9-D266-3BB7-21CF0C75D5E7}.Debug|Any CPU.Build.0 = Debug|Any CPU
		{6297718F-D7C9-D266-3BB7-21CF0C75D5E7}.Release|Any CPU.ActiveCfg = Release|Any CPU
		{6297718F-D7C9-D266-3BB7-21CF0C75D5E7}.Release|Any CPU.Build.0 = Release|Any CPU
		{E176BE73-892E-3C42-3216-B61BB528995C}.Debug|Any CPU.ActiveCfg = Debug|Any CPU
		{E176BE73-892E-3C42-3216-B61BB528995C}.Debug|Any CPU.Build.0 = Debug|Any CPU
		{E176BE73-892E-3C42-3216-B61BB528995C}.Release|Any CPU.ActiveCfg = Release|Any CPU
		{E176BE73-892E-3C42-3216-B61BB528995C}.Release|Any CPU.Build.0 = Release|Any CPU
		{E4714DB7-36A0-0181-53A9-056CD155D446}.Debug|Any CPU.ActiveCfg = Debug|Any CPU
		{E4714DB7-36A0-0181-53A9-056CD155D446}.Debug|Any CPU.Build.0 = Debug|Any CPU
		{E4714DB7-36A0-0181-53A9-056CD155D446}.Release|Any CPU.ActiveCfg = Release|Any CPU
		{E4714DB7-36A0-0181-53A9-056CD155D446}.Release|Any CPU.Build.0 = Release|Any CPU
		{A819ECF0-82A4-923E-38D3-13757C23790E}.Debug|Any CPU.ActiveCfg = Debug|Any CPU
		{A819ECF0-82A4-923E-38D3-13757C23790E}.Debug|Any CPU.Build.0 = Debug|Any CPU
		{A819ECF0-82A4-923E-38D3-13757C23790E}.Release|Any CPU.ActiveCfg = Release|Any CPU
		{A819ECF0-82A4-923E-38D3-13757C23790E}.Release|Any CPU.Build.0 = Release|Any CPU
		{B471318A-4754-90D9-8BE9-AE62A2BCF391}.Debug|Any CPU.ActiveCfg = Debug|Any CPU
		{B471318A-4754-90D9-8BE9-AE62A2BCF391}.Debug|Any CPU.Build.0 = Debug|Any CPU
		{B471318A-4754-90D9-8BE9-AE62A2BCF391}.Release|Any CPU.ActiveCfg = Release|Any CPU
		{B471318A-4754-90D9-8BE9-AE62A2BCF391}.Release|Any CPU.Build.0 = Release|Any CPU
		{A6FB612A-D0FC-44CA-8378-CB24C0542E35}.Debug|Any CPU.ActiveCfg = Debug|Any CPU
		{A6FB612A-D0FC-44CA-8378-CB24C0542E35}.Debug|Any CPU.Build.0 = Debug|Any CPU
		{A6FB612A-D0FC-44CA-8378-CB24C0542E35}.Release|Any CPU.ActiveCfg = Release|Any CPU
		{A6FB612A-D0FC-44CA-8378-CB24C0542E35}.Release|Any CPU.Build.0 = Release|Any CPU
		{613ACC9C-1459-6AA5-AF60-6339EDD88414}.Debug|Any CPU.ActiveCfg = Debug|Any CPU
		{613ACC9C-1459-6AA5-AF60-6339EDD88414}.Debug|Any CPU.Build.0 = Debug|Any CPU
		{613ACC9C-1459-6AA5-AF60-6339EDD88414}.Release|Any CPU.ActiveCfg = Release|Any CPU
		{613ACC9C-1459-6AA5-AF60-6339EDD88414}.Release|Any CPU.Build.0 = Release|Any CPU
		{408B6E2A-349F-35E6-6E46-C9815B2CE4E2}.Debug|Any CPU.ActiveCfg = Debug|Any CPU
		{408B6E2A-349F-35E6-6E46-C9815B2CE4E2}.Debug|Any CPU.Build.0 = Debug|Any CPU
		{408B6E2A-349F-35E6-6E46-C9815B2CE4E2}.Release|Any CPU.ActiveCfg = Release|Any CPU
		{408B6E2A-349F-35E6-6E46-C9815B2CE4E2}.Release|Any CPU.Build.0 = Release|Any CPU
		{B6F74CF5-FAC3-7032-02D9-7CF2D868A117}.Debug|Any CPU.ActiveCfg = Debug|Any CPU
		{B6F74CF5-FAC3-7032-02D9-7CF2D868A117}.Debug|Any CPU.Build.0 = Debug|Any CPU
		{B6F74CF5-FAC3-7032-02D9-7CF2D868A117}.Release|Any CPU.ActiveCfg = Release|Any CPU
		{B6F74CF5-FAC3-7032-02D9-7CF2D868A117}.Release|Any CPU.Build.0 = Release|Any CPU
		{88A5DD57-8243-2126-89F2-B320F32BD1CD}.Debug|Any CPU.ActiveCfg = Debug|Any CPU
		{88A5DD57-8243-2126-89F2-B320F32BD1CD}.Debug|Any CPU.Build.0 = Debug|Any CPU
		{88A5DD57-8243-2126-89F2-B320F32BD1CD}.Release|Any CPU.ActiveCfg = Release|Any CPU
		{88A5DD57-8243-2126-89F2-B320F32BD1CD}.Release|Any CPU.Build.0 = Release|Any CPU
		{2BFBE058-F5A8-1DD9-3BC4-AF283DB5961D}.Debug|Any CPU.ActiveCfg = Debug|Any CPU
		{2BFBE058-F5A8-1DD9-3BC4-AF283DB5961D}.Debug|Any CPU.Build.0 = Debug|Any CPU
		{2BFBE058-F5A8-1DD9-3BC4-AF283DB5961D}.Release|Any CPU.ActiveCfg = Release|Any CPU
		{2BFBE058-F5A8-1DD9-3BC4-AF283DB5961D}.Release|Any CPU.Build.0 = Release|Any CPU
		{2EE35A9C-74AE-B331-B458-11F0465AA6BD}.Debug|Any CPU.ActiveCfg = Debug|Any CPU
		{2EE35A9C-74AE-B331-B458-11F0465AA6BD}.Debug|Any CPU.Build.0 = Debug|Any CPU
		{2EE35A9C-74AE-B331-B458-11F0465AA6BD}.Release|Any CPU.ActiveCfg = Release|Any CPU
		{2EE35A9C-74AE-B331-B458-11F0465AA6BD}.Release|Any CPU.Build.0 = Release|Any CPU
		{EEC1C2B7-D382-2762-509B-E70060E9631B}.Debug|Any CPU.ActiveCfg = Debug|Any CPU
		{EEC1C2B7-D382-2762-509B-E70060E9631B}.Debug|Any CPU.Build.0 = Debug|Any CPU
		{EEC1C2B7-D382-2762-509B-E70060E9631B}.Release|Any CPU.ActiveCfg = Release|Any CPU
		{EEC1C2B7-D382-2762-509B-E70060E9631B}.Release|Any CPU.Build.0 = Release|Any CPU
		{00F39BA4-7843-2065-D931-42E574663B79}.Debug|Any CPU.ActiveCfg = Debug|Any CPU
		{00F39BA4-7843-2065-D931-42E574663B79}.Debug|Any CPU.Build.0 = Debug|Any CPU
		{00F39BA4-7843-2065-D931-42E574663B79}.Release|Any CPU.ActiveCfg = Release|Any CPU
		{00F39BA4-7843-2065-D931-42E574663B79}.Release|Any CPU.Build.0 = Release|Any CPU
		{A0C4DFFE-0600-85ED-7C40-668F994ABB1B}.Debug|Any CPU.ActiveCfg = Debug|Any CPU
		{A0C4DFFE-0600-85ED-7C40-668F994ABB1B}.Debug|Any CPU.Build.0 = Debug|Any CPU
		{A0C4DFFE-0600-85ED-7C40-668F994ABB1B}.Release|Any CPU.ActiveCfg = Release|Any CPU
		{A0C4DFFE-0600-85ED-7C40-668F994ABB1B}.Release|Any CPU.Build.0 = Release|Any CPU
		{53D68508-1323-E043-5A8D-C7B73D55B078}.Debug|Any CPU.ActiveCfg = Debug|Any CPU
		{53D68508-1323-E043-5A8D-C7B73D55B078}.Debug|Any CPU.Build.0 = Debug|Any CPU
		{53D68508-1323-E043-5A8D-C7B73D55B078}.Release|Any CPU.ActiveCfg = Release|Any CPU
		{53D68508-1323-E043-5A8D-C7B73D55B078}.Release|Any CPU.Build.0 = Release|Any CPU
		{C3CE87E4-2695-B8EA-35A9-F2E13719E4AA}.Debug|Any CPU.ActiveCfg = Debug|Any CPU
		{C3CE87E4-2695-B8EA-35A9-F2E13719E4AA}.Debug|Any CPU.Build.0 = Debug|Any CPU
		{C3CE87E4-2695-B8EA-35A9-F2E13719E4AA}.Release|Any CPU.ActiveCfg = Release|Any CPU
		{C3CE87E4-2695-B8EA-35A9-F2E13719E4AA}.Release|Any CPU.Build.0 = Release|Any CPU
		{6F380349-0060-6D8B-FC59-EF292384348F}.Debug|Any CPU.ActiveCfg = Debug|Any CPU
		{6F380349-0060-6D8B-FC59-EF292384348F}.Debug|Any CPU.Build.0 = Debug|Any CPU
		{6F380349-0060-6D8B-FC59-EF292384348F}.Release|Any CPU.ActiveCfg = Release|Any CPU
		{6F380349-0060-6D8B-FC59-EF292384348F}.Release|Any CPU.Build.0 = Release|Any CPU
		{9C20C88C-3244-D08B-9735-DA173CFDAB70}.Debug|Any CPU.ActiveCfg = Debug|Any CPU
		{9C20C88C-3244-D08B-9735-DA173CFDAB70}.Debug|Any CPU.Build.0 = Debug|Any CPU
		{9C20C88C-3244-D08B-9735-DA173CFDAB70}.Release|Any CPU.ActiveCfg = Release|Any CPU
		{9C20C88C-3244-D08B-9735-DA173CFDAB70}.Release|Any CPU.Build.0 = Release|Any CPU
		{E47550A2-B7B1-26F3-5D18-27288EDA1D64}.Debug|Any CPU.ActiveCfg = Debug|Any CPU
		{E47550A2-B7B1-26F3-5D18-27288EDA1D64}.Debug|Any CPU.Build.0 = Debug|Any CPU
		{E47550A2-B7B1-26F3-5D18-27288EDA1D64}.Release|Any CPU.ActiveCfg = Release|Any CPU
		{E47550A2-B7B1-26F3-5D18-27288EDA1D64}.Release|Any CPU.Build.0 = Release|Any CPU
		{3F855209-35D1-A119-E3BF-21C9793B9821}.Debug|Any CPU.ActiveCfg = Debug|Any CPU
		{3F855209-35D1-A119-E3BF-21C9793B9821}.Debug|Any CPU.Build.0 = Debug|Any CPU
		{3F855209-35D1-A119-E3BF-21C9793B9821}.Release|Any CPU.ActiveCfg = Release|Any CPU
		{3F855209-35D1-A119-E3BF-21C9793B9821}.Release|Any CPU.Build.0 = Release|Any CPU
		{E2BB0660-59CD-5EBF-D299-4ECF537D17A3}.Debug|Any CPU.ActiveCfg = Debug|Any CPU
		{E2BB0660-59CD-5EBF-D299-4ECF537D17A3}.Debug|Any CPU.Build.0 = Debug|Any CPU
		{E2BB0660-59CD-5EBF-D299-4ECF537D17A3}.Release|Any CPU.ActiveCfg = Release|Any CPU
		{E2BB0660-59CD-5EBF-D299-4ECF537D17A3}.Release|Any CPU.Build.0 = Release|Any CPU
		{B121B738-3AAD-4360-62AE-67A6B65DC028}.Debug|Any CPU.ActiveCfg = Debug|Any CPU
		{B121B738-3AAD-4360-62AE-67A6B65DC028}.Debug|Any CPU.Build.0 = Debug|Any CPU
		{B121B738-3AAD-4360-62AE-67A6B65DC028}.Release|Any CPU.ActiveCfg = Release|Any CPU
		{B121B738-3AAD-4360-62AE-67A6B65DC028}.Release|Any CPU.Build.0 = Release|Any CPU
		{5C99FF8D-9CB4-FBC5-FF0A-6EA7703C04D0}.Debug|Any CPU.ActiveCfg = Debug|Any CPU
		{5C99FF8D-9CB4-FBC5-FF0A-6EA7703C04D0}.Debug|Any CPU.Build.0 = Debug|Any CPU
		{5C99FF8D-9CB4-FBC5-FF0A-6EA7703C04D0}.Release|Any CPU.ActiveCfg = Release|Any CPU
		{5C99FF8D-9CB4-FBC5-FF0A-6EA7703C04D0}.Release|Any CPU.Build.0 = Release|Any CPU
		{8971983B-0D3E-DF76-C65E-6661228A61A9}.Debug|Any CPU.ActiveCfg = Debug|Any CPU
		{8971983B-0D3E-DF76-C65E-6661228A61A9}.Debug|Any CPU.Build.0 = Debug|Any CPU
		{8971983B-0D3E-DF76-C65E-6661228A61A9}.Release|Any CPU.ActiveCfg = Release|Any CPU
		{8971983B-0D3E-DF76-C65E-6661228A61A9}.Release|Any CPU.Build.0 = Release|Any CPU
	EndGlobalSection
	GlobalSection(SolutionProperties) = preSolution
		HideSolutionNode = FALSE
	EndGlobalSection
EndGlobal
